
Microsoft Visual Studio Solution File, Format Version 12.00
# Visual Studio Version 17
VisualStudioVersion = 17.6.33712.159
MinimumVisualStudioVersion = 10.0.40219.1
Project("{8BC9CEB8-8B4A-11D0-8D11-00A0C91BC942}") = "CornerGrocer", "CornerGrocer\CornerGrocer.vcxproj", "{BB478C3D-0A37-4916-9542-1A509D8FCDEF}"
EndProject
Global
	GlobalSection(SolutionConfigurationPlatforms) = preSolution
		Debug|x64 = Debug|x64
		Debug|x86 = Debug|x86
		Release|x64 = Release|x64
		Release|x86 = Release|x86
	EndGlobalSection
	GlobalSection(ProjectConfigurationPlatforms) = postSolution
		{BB478C3D-0A37-4916-9542-1A509D8FCDEF}.Debug|x64.ActiveCfg = Debug|x64
		{BB478C3D-0A37-4916-9542-1A509D8FCDEF}.Debug|x64.Build.0 = Debug|x64
		{BB478C3D-0A37-4916-9542-1A509D8FCDEF}.Debug|x86.ActiveCfg = Debug|Win32
		{BB478C3D-0A37-4916-9542-1A509D8FCDEF}.Debug|x86.Build.0 = Debug|Win32
		{BB478C3D-0A37-4916-9542-1A509D8FCDEF}.Release|x64.ActiveCfg = Release|x64
		{BB478C3D-0A37-4916-9542-1A509D8FCDEF}.Release|x64.Build.0 = Release|x64
		{BB478C3D-0A37-4916-9542-1A509D8FCDEF}.Release|x86.ActiveCfg = Release|Win32
		{BB478C3D-0A37-4916-9542-1A509D8FCDEF}.Release|x86.Build.0 = Release|Win32
	EndGlobalSection
	GlobalSection(SolutionProperties) = preSolution
		HideSolutionNode = FALSE
	EndGlobalSection
	GlobalSection(ExtensibilityGlobals) = postSolution
		SolutionGuid = {8B18F4D8-8FBA-4B24-9340-267F9D61EA74}
	EndGlobalSection
EndGlobal
